
Microsoft Visual Studio Solution File, Format Version 12.00
# Visual Studio Version 16
VisualStudioVersion = 16.0.30114.105
MinimumVisualStudioVersion = 10.0.40219.1
Project("{FAE04EC0-301F-11D3-BF4B-00C04F79EFBC}") = "Web", "Web\Web.csproj", "{FAF4FF0C-40B6-4317-B798-44AA874059FD}"
EndProject
Project("{FAE04EC0-301F-11D3-BF4B-00C04F79EFBC}") = "Core", "Core\Core.csproj", "{F6E0C13D-A8D6-4E43-89F7-0B42901C78CE}"
EndProject
Project("{FAE04EC0-301F-11D3-BF4B-00C04F79EFBC}") = "Infrastructure", "Infrastructure\Infrastructure.csproj", "{503461B3-1236-4013-ADC8-8453CBB93BBF}"
EndProject
Global
	GlobalSection(SolutionConfigurationPlatforms) = preSolution
		Debug|Any CPU = Debug|Any CPU
		Release|Any CPU = Release|Any CPU
	EndGlobalSection
	GlobalSection(ProjectConfigurationPlatforms) = postSolution
		{FAF4FF0C-40B6-4317-B798-44AA874059FD}.Debug|Any CPU.ActiveCfg = Debug|Any CPU
		{FAF4FF0C-40B6-4317-B798-44AA874059FD}.Debug|Any CPU.Build.0 = Debug|Any CPU
		{FAF4FF0C-40B6-4317-B798-44AA874059FD}.Release|Any CPU.ActiveCfg = Release|Any CPU
		{FAF4FF0C-40B6-4317-B798-44AA874059FD}.Release|Any CPU.Build.0 = Release|Any CPU
		{F6E0C13D-A8D6-4E43-89F7-0B42901C78CE}.Debug|Any CPU.ActiveCfg = Debug|Any CPU
		{F6E0C13D-A8D6-4E43-89F7-0B42901C78CE}.Debug|Any CPU.Build.0 = Debug|Any CPU
		{F6E0C13D-A8D6-4E43-89F7-0B42901C78CE}.Release|Any CPU.ActiveCfg = Release|Any CPU
		{F6E0C13D-A8D6-4E43-89F7-0B42901C78CE}.Release|Any CPU.Build.0 = Release|Any CPU
		{503461B3-1236-4013-ADC8-8453CBB93BBF}.Debug|Any CPU.ActiveCfg = Debug|Any CPU
		{503461B3-1236-4013-ADC8-8453CBB93BBF}.Debug|Any CPU.Build.0 = Debug|Any CPU
		{503461B3-1236-4013-ADC8-8453CBB93BBF}.Release|Any CPU.ActiveCfg = Release|Any CPU
		{503461B3-1236-4013-ADC8-8453CBB93BBF}.Release|Any CPU.Build.0 = Release|Any CPU
	EndGlobalSection
	GlobalSection(SolutionProperties) = preSolution
		HideSolutionNode = FALSE
	EndGlobalSection
	GlobalSection(ExtensibilityGlobals) = postSolution
		SolutionGuid = {ABE88AE8-0F8D-46D4-8847-9C3285CC0A2E}
	EndGlobalSection
EndGlobal
